# THIS IS AN AUTOGENERATED FILE. DO NOT EDIT THIS FILE DIRECTLY.
# yarn lockfile v1


"@2haohr/end-env@0.0.1":
  version "0.0.1"
  resolved "https://npm-2haohr.dianmi365.com/@2haohr%2fend-env/-/end-env-0.0.1.tgz#c846fc31743de0a0494430dae1e8c2b55e37f897"
  integrity sha512-MLf2NVH2f60rSx7Jwr6QNCsMTInenIaRWIJCCbaF/zHFTtH1nHnEx/8IXFrFVty9rTQCDerILKxCkGbghTrjxg==

dayjs@1.8.0:
  version "1.8.0"
  resolved "http://registry.npm.taobao.org/dayjs/download/dayjs-1.8.0.tgz#507963ac3023f4b1f9f399a278356946fc4c9ae9"
