# THIS IS AN AUTOGENERATED FILE. DO NOT EDIT THIS FILE DIRECTLY.
# yarn lockfile v1


"@2haohr/end-api@0.0.1":
  version "0.0.1"
  resolved "https://npm-2haohr.dianmi365.com/@2haohr%2fend-api/-/end-api-0.0.1.tgz#8da133530d4238a22c1766d45bd6a3ea4abcede1"
  integrity sha512-TsRJv1hmJjZsaC5qi7tn4ol7q/TFgTwq81Ueno+aeyFkNDu7DhchZi5l1l5HjiHKVG4P8d9KVTBmeoGfgEErCw==
  dependencies:
    "@2haohr/end-env" "0.0.1"
    "@2haohr/end-errors" "0.0.1"
    "@2haohr/end-python-api-url" "0.0.1"
    axios "0.19.0-beta.1"
    tunnel "0.0.6"

"@2haohr/end-env@0.0.1":
  version "0.0.1"
  resolved "https://npm-2haohr.dianmi365.com/@2haohr%2fend-env/-/end-env-0.0.1.tgz#c846fc31743de0a0494430dae1e8c2b55e37f897"
  integrity sha512-MLf2NVH2f60rSx7Jwr6QNCsMTInenIaRWIJCCbaF/zHFTtH1nHnEx/8IXFrFVty9rTQCDerILKxCkGbghTrjxg==

"@2haohr/end-error-handle@0.0.1":
  version "0.0.1"
  resolved "https://npm-2haohr.dianmi365.com/@2haohr%2fend-error-handle/-/end-error-handle-0.0.1.tgz#191c69ccfbfe0b8d2724cb47efc36e801823befb"
  integrity sha512-oaL4qiTf1xjfBML3Nkb2ShwvNv3gb4N+V22XKbKZnxw1V6UTIk36QVsBT6WulqEe6FvRzy4U+1CzZ33tEgcQgw==
  dependencies:
    "@2haohr/end-errors" "0.0.1"

"@2haohr/end-errors@0.0.1":
  version "0.0.1"
  resolved "https://npm-2haohr.dianmi365.com/@2haohr%2fend-errors/-/end-errors-0.0.1.tgz#b825f45fb31304f08d4d69981f04b06c0ba4431b"
  integrity sha512-txLlzV/lvN056mo2ZKMjtG4dmKxS1ZEYRPICgOy47O3b1YgEX4regtpRi0UYc4+VNv4bYaT1aq6JR8B1MadVeA==

"@2haohr/end-intranet@0.0.1":
  version "0.0.1"
  resolved "https://npm-2haohr.dianmi365.com/@2haohr%2fend-intranet/-/end-intranet-0.0.1.tgz#e297ced8c7424bdc40f3e00855935ab840bac346"
  integrity sha512-Z7PtnJ3kX9dS8plNoog0MDjfZ/TwD9Yoz9GDdm5sLc6xAiI1vIIfJXY7BJbPX0qH9Wzi+avgIf7AnTnsEKsNvA==
  dependencies:
    "@2haohr/end-env" "0.0.1"

"@2haohr/end-python-api-url@0.0.1":
  version "0.0.1"
  resolved "https://npm-2haohr.dianmi365.com/@2haohr%2fend-python-api-url/-/end-python-api-url-0.0.1.tgz#6df9a42a8c706d44c9624e9c4183a612137764ba"
  integrity sha512-0kB/n3c3RbKv4XQNqyhrKfcPISr4b5m/LZ2VHsaVBfAmo5zktNW2byBJ98pv7jrl5ltqcYseuEhnIaoLbedJig==
  dependencies:
    "@2haohr/end-env" "0.0.1"

axios@0.19.0-beta.1:
  version "0.19.0-beta.1"
  resolved "https://npm-2haohr.dianmi365.com/axios/-/axios-0.19.0-beta.1.tgz#3d6a9ee75885d1fd39e108df9a4fb2e48e1af1e8"
  integrity sha1-PWqe51iF0f054Qjfmk+y5I4a8eg=
  dependencies:
    follow-redirects "^1.4.1"
    is-buffer "^2.0.2"

bytes@3.0.0:
  version "3.0.0"
  resolved "http://registry.npm.taobao.org/bytes/download/bytes-3.0.0.tgz#d32815404d689699f85a4ea4fa8755dd13a96048"

co-body@^6.0.0:
  version "6.0.0"
  resolved "http://registry.npm.taobao.org/co-body/download/co-body-6.0.0.tgz#965b9337d7f5655480787471f4237664820827e3"
  dependencies:
    inflation "^2.0.0"
    qs "^6.5.2"
    raw-body "^2.3.3"
    type-is "^1.6.16"

copy-to@^2.0.1:
  version "2.0.1"
  resolved "http://registry.npm.taobao.org/copy-to/download/copy-to-2.0.1.tgz#2680fbb8068a48d08656b6098092bdafc906f4a5"

depd@~1.1.2:
  version "1.1.2"
  resolved "http://registry.npm.taobao.org/depd/download/depd-1.1.2.tgz#9bcd52e14c097763e749b274c4346ed2e560b5a9"

follow-redirects@^1.4.1:
  version "1.14.5"
  resolved "https://npm-2haohr.dianmi365.com/follow-redirects/-/follow-redirects-1.14.5.tgz#f09a5848981d3c772b5392309778523f8d85c381"
  integrity sha512-wtphSXy7d4/OR+MvIFbCVBDzZ5520qV8XfPklSN5QtxuMUJZ+b0Wnst1e1lCDocfzuCkHqj8k0FpZqO+UIaKNA==

http-errors@1.6.3:
  version "1.6.3"
  resolved "http://registry.npm.taobao.org/http-errors/download/http-errors-1.6.3.tgz#8b55680bb4be283a0b5bf4ea2e38580be1d9320d"
  dependencies:
    depd "~1.1.2"
    inherits "2.0.3"
    setprototypeof "1.1.0"
    statuses ">= 1.4.0 < 2"

iconv-lite@0.4.23:
  version "0.4.23"
  resolved "http://registry.npm.taobao.org/iconv-lite/download/iconv-lite-0.4.23.tgz#297871f63be507adcfbfca715d0cd0eed84e9a63"
  dependencies:
    safer-buffer ">= 2.1.2 < 3"

inflation@^2.0.0:
  version "2.0.0"
  resolved "http://registry.npm.taobao.org/inflation/download/inflation-2.0.0.tgz#8b417e47c28f925a45133d914ca1fd389107f30f"

inherits@2.0.3:
  version "2.0.3"
  resolved "http://registry.npm.taobao.org/inherits/download/inherits-2.0.3.tgz#633c2c83e3da42a502f52466022480f4208261de"

is-buffer@^2.0.2:
  version "2.0.5"
  resolved "https://npm-2haohr.dianmi365.com/is-buffer/-/is-buffer-2.0.5.tgz#ebc252e400d22ff8d77fa09888821a24a658c191"
  integrity sha1-68JS5ADSL/jXf6CYiIIaJKZYwZE=

koa-bodyparser@4.2.1:
  version "4.2.1"
  resolved "http://registry.npm.taobao.org/koa-bodyparser/download/koa-bodyparser-4.2.1.tgz#4d7dacb5e6db1106649b595d9e5ccb158b6f3b29"
  dependencies:
    co-body "^6.0.0"
    copy-to "^2.0.1"

media-typer@0.3.0:
  version "0.3.0"
  resolved "http://registry.npm.taobao.org/media-typer/download/media-typer-0.3.0.tgz#8710d7af0aa626f8fffa1ce00168545263255748"

merge-descriptors@1.0.1:
  version "1.0.1"
  resolved "http://registry.npm.taobao.org/merge-descriptors/download/merge-descriptors-1.0.1.tgz#b00aaa556dd8b44568150ec9d1b953f3f90cbb61"

mime-db@~1.37.0:
  version "1.37.0"
  resolved "http://registry.npm.taobao.org/mime-db/download/mime-db-1.37.0.tgz#0b6a0ce6fdbe9576e25f1f2d2fde8830dc0ad0d8"

mime-types@~2.1.18:
  version "2.1.21"
  resolved "http://registry.npm.taobao.org/mime-types/download/mime-types-2.1.21.tgz#28995aa1ecb770742fe6ae7e58f9181c744b3f96"
  dependencies:
    mime-db "~1.37.0"

qs@6.6.0, qs@^6.5.2:
  version "6.6.0"
  resolved "http://registry.npm.taobao.org/qs/download/qs-6.6.0.tgz#a99c0f69a8d26bf7ef012f871cdabb0aee4424c2"

raw-body@^2.3.3:
  version "2.3.3"
  resolved "http://registry.npm.taobao.org/raw-body/download/raw-body-2.3.3.tgz#1b324ece6b5706e153855bc1148c65bb7f6ea0c3"
  dependencies:
    bytes "3.0.0"
    http-errors "1.6.3"
    iconv-lite "0.4.23"
    unpipe "1.0.0"

"safer-buffer@>= 2.1.2 < 3":
  version "2.1.2"
  resolved "http://registry.npm.taobao.org/safer-buffer/download/safer-buffer-2.1.2.tgz#44fa161b0187b9549dd84bb91802f9bd8385cd6a"

setprototypeof@1.1.0:
  version "1.1.0"
  resolved "http://registry.npm.taobao.org/setprototypeof/download/setprototypeof-1.1.0.tgz#d0bd85536887b6fe7c0d818cb962d9d91c54e656"

"statuses@>= 1.4.0 < 2":
  version "1.5.0"
  resolved "http://registry.npm.taobao.org/statuses/download/statuses-1.5.0.tgz#161c7dac177659fd9811f43771fa99381478628c"

tunnel@0.0.6:
  version "0.0.6"
  resolved "https://npm-2haohr.dianmi365.com/tunnel/-/tunnel-0.0.6.tgz#72f1314b34a5b192db012324df2cc587ca47f92c"
  integrity sha1-cvExSzSlsZLbASMk3yzFh8pH+Sw=

type-is@^1.6.16:
  version "1.6.16"
  resolved "http://registry.npm.taobao.org/type-is/download/type-is-1.6.16.tgz#f89ce341541c672b25ee7ae3c73dee3b2be50194"
  dependencies:
    media-typer "0.3.0"
    mime-types "~2.1.18"

unpipe@1.0.0:
  version "1.0.0"
  resolved "http://registry.npm.taobao.org/unpipe/download/unpipe-1.0.0.tgz#b2bf4ee8514aae6165b4817829d21b2ef49904ec"
