# THIS IS AN AUTOGENERATED FILE. DO NOT EDIT THIS FILE DIRECTLY.
# yarn lockfile v1


axios@0.19.0-beta.1:
  version "0.19.0-beta.1"
  resolved "http://registry.npm.taobao.org/axios/download/axios-0.19.0-beta.1.tgz#3d6a9ee75885d1fd39e108df9a4fb2e48e1af1e8"
  dependencies:
    follow-redirects "^1.4.1"
    is-buffer "^2.0.2"

debug@^3.2.6:
  version "3.2.6"
  resolved "http://registry.npm.taobao.org/debug/download/debug-3.2.6.tgz#e83d17de16d8a7efb7717edbe5fb10135eee629b"
  dependencies:
    ms "^2.1.1"

follow-redirects@^1.4.1:
  version "1.7.0"
  resolved "http://registry.npm.taobao.org/follow-redirects/download/follow-redirects-1.7.0.tgz#489ebc198dc0e7f64167bd23b03c4c19b5784c76"
  dependencies:
    debug "^3.2.6"

is-buffer@^2.0.2:
  version "2.0.3"
  resolved "http://registry.npm.taobao.org/is-buffer/download/is-buffer-2.0.3.tgz#4ecf3fcf749cbd1e472689e109ac66261a25e725"

ms@^2.1.1:
  version "2.1.1"
  resolved "http://registry.npm.taobao.org/ms/download/ms-2.1.1.tgz#30a5864eb3ebb0a66f2ebe6d727af06a09d86e0a"

tunnel@0.0.6:
  version "0.0.6"
  resolved "http://registry.npm.taobao.org/tunnel/download/tunnel-0.0.6.tgz#72f1314b34a5b192db012324df2cc587ca47f92c"
